
Microsoft Visual Studio Solution File, Format Version 11.00
# Visual Studio 2010
Project("{FAE04EC0-301F-11D3-BF4B-00C04F79EFBC}") = "PSVitaDock", "Assembly-CSharp.csproj", "{C48053A5-CFCA-F3EC-713A-75D3C3A0980D}"
EndProject
Global
	GlobalSection(SolutionConfigurationPlatforms) = preSolution
		Debug|Any CPU = Debug|Any CPU
		Release|Any CPU = Release|Any CPU
	EndGlobalSection
	GlobalSection(ProjectConfigurationPlatforms) = postSolution
		{C48053A5-CFCA-F3EC-713A-75D3C3A0980D}.Debug|Any CPU.ActiveCfg = Debug|Any CPU
		{C48053A5-CFCA-F3EC-713A-75D3C3A0980D}.Debug|Any CPU.Build.0 = Debug|Any CPU
		{C48053A5-CFCA-F3EC-713A-75D3C3A0980D}.Release|Any CPU.ActiveCfg = Release|Any CPU
		{C48053A5-CFCA-F3EC-713A-75D3C3A0980D}.Release|Any CPU.Build.0 = Release|Any CPU
	EndGlobalSection
	GlobalSection(SolutionProperties) = preSolution
		HideSolutionNode = FALSE
	EndGlobalSection
	GlobalSection(MonoDevelopProperties) = preSolution
		StartupItem = Assembly-CSharp.csproj
	EndGlobalSection
EndGlobal
